// !$*UTF8*$!
{
	archiveVersion = 1;
	classes = {
	};
	objectVersion = 50;
	objects = {

/* Begin PBXBuildFile section */
		00E161CC07D143A65B0C5642 /* Pods_MyMemory.framework in Frameworks */ = {isa = PBXBuildFile; fileRef = C95984C4D83E40D4549B2774 /* Pods_MyMemory.framework */; };
		6023FBC72163B2B00001828F /* fountainpen@2x.png in Resources */ = {isa = PBXBuildFile; fileRef = 6023FBC62163B2B00001828F /* fountainpen@2x.png */; };
		6023FBD12163B4EF0001828F /* icon06.png in Resources */ = {isa = PBXBuildFile; fileRef = 6023FBC82163B4EF0001828F /* icon06.png */; };
		6023FBD22163B4EF0001828F /* icon04.png in Resources */ = {isa = PBXBuildFile; fileRef = 6023FBC92163B4EF0001828F /* icon04.png */; };
		6023FBD32163B4EF0001828F /* icon02.png in Resources */ = {isa = PBXBuildFile; fileRef = 6023FBCA2163B4EF0001828F /* icon02.png */; };
		6023FBD42163B4EF0001828F /* account@2x.jpg in Resources */ = {isa = PBXBuildFile; fileRef = 6023FBCB2163B4EF0001828F /* account@2x.jpg */; };
		6023FBD52163B4EF0001828F /* icon05.png in Resources */ = {isa = PBXBuildFile; fileRef = 6023FBCC2163B4EF0001828F /* icon05.png */; };
		6023FBD62163B4EF0001828F /* icon03.png in Resources */ = {isa = PBXBuildFile; fileRef = 6023FBCD2163B4EF0001828F /* icon03.png */; };
		6023FBD72163B4EF0001828F /* profile-bg.png in Resources */ = {isa = PBXBuildFile; fileRef = 6023FBCE2163B4EF0001828F /* profile-bg.png */; };
		6023FBD82163B4EF0001828F /* sidemenu.png in Resources */ = {isa = PBXBuildFile; fileRef = 6023FBCF2163B4EF0001828F /* sidemenu.png */; };
		6023FBD92163B4EF0001828F /* icon01.png in Resources */ = {isa = PBXBuildFile; fileRef = 6023FBD02163B4EF0001828F /* icon01.png */; };
		6023FBE02163B7E90001828F /* SWRevealViewController.m in Sources */ = {isa = PBXBuildFile; fileRef = 6023FBDF2163B7E90001828F /* SWRevealViewController.m */; };
		6023FBE22163B8AF0001828F /* SideBarVC.swift in Sources */ = {isa = PBXBuildFile; fileRef = 6023FBE12163B8AF0001828F /* SideBarVC.swift */; };
		6023FBE42163BDF40001828F /* ProfileVC.swift in Sources */ = {isa = PBXBuildFile; fileRef = 6023FBE32163BDF40001828F /* ProfileVC.swift */; };
		60700706216CD4710038DBAF /* UserInfoManager.swift in Sources */ = {isa = PBXBuildFile; fileRef = 60700705216CD4710038DBAF /* UserInfoManager.swift */; };
		60700708216D88900038DBAF /* Tutorial.storyboard in Resources */ = {isa = PBXBuildFile; fileRef = 60700707216D88900038DBAF /* Tutorial.storyboard */; };
		6070070A216D8D600038DBAF /* Utils.swift in Sources */ = {isa = PBXBuildFile; fileRef = 60700709216D8D600038DBAF /* Utils.swift */; };
		6070070C216D8E1C0038DBAF /* TutorialContentsVC.swift in Sources */ = {isa = PBXBuildFile; fileRef = 6070070B216D8E1C0038DBAF /* TutorialContentsVC.swift */; };
		6070070F216D8FDE0038DBAF /* TutorialMasterVC.swift in Sources */ = {isa = PBXBuildFile; fileRef = 6070070E216D8FDE0038DBAF /* TutorialMasterVC.swift */; };
		607007CC217771AB0038DBAF /* MemoDAO.swift in Sources */ = {isa = PBXBuildFile; fileRef = 607007CB217771AB0038DBAF /* MemoDAO.swift */; };
		60700809217CB0090038DBAF /* JoinVC.swift in Sources */ = {isa = PBXBuildFile; fileRef = 60700808217CB0090038DBAF /* JoinVC.swift */; };
		6070080B217F60150038DBAF /* DataSync.swift in Sources */ = {isa = PBXBuildFile; fileRef = 6070080A217F60150038DBAF /* DataSync.swift */; };
		607985BC213EBCF00079F25D /* AppDelegate.swift in Sources */ = {isa = PBXBuildFile; fileRef = 607985BB213EBCF00079F25D /* AppDelegate.swift */; };
		607985BE213EBCF00079F25D /* ViewController.swift in Sources */ = {isa = PBXBuildFile; fileRef = 607985BD213EBCF00079F25D /* ViewController.swift */; };
		607985C1213EBCF00079F25D /* Main.storyboard in Resources */ = {isa = PBXBuildFile; fileRef = 607985BF213EBCF00079F25D /* Main.storyboard */; };
		607985C4213EBCF00079F25D /* MyMemory.xcdatamodeld in Sources */ = {isa = PBXBuildFile; fileRef = 607985C2213EBCF00079F25D /* MyMemory.xcdatamodeld */; };
		607985C6213EBCF00079F25D /* Assets.xcassets in Resources */ = {isa = PBXBuildFile; fileRef = 607985C5213EBCF00079F25D /* Assets.xcassets */; };
		607985C9213EBCF00079F25D /* LaunchScreen.storyboard in Resources */ = {isa = PBXBuildFile; fileRef = 607985C7213EBCF00079F25D /* LaunchScreen.storyboard */; };
		60B8E0BE213ECF4800CDAD7D /* MemoListVC.swift in Sources */ = {isa = PBXBuildFile; fileRef = 60B8E0BD213ECF4800CDAD7D /* MemoListVC.swift */; };
		60B8E0C5213ED00800CDAD7D /* MemoCell.swift in Sources */ = {isa = PBXBuildFile; fileRef = 60B8E0C4213ED00800CDAD7D /* MemoCell.swift */; };
		60B8E0C7213ED07000CDAD7D /* MemoData.swift in Sources */ = {isa = PBXBuildFile; fileRef = 60B8E0C6213ED07000CDAD7D /* MemoData.swift */; };
		60B8E0C9213ED4FE00CDAD7D /* MemoFormVC.swift in Sources */ = {isa = PBXBuildFile; fileRef = 60B8E0C8213ED4FE00CDAD7D /* MemoFormVC.swift */; };
		60B8E0CB213ED51100CDAD7D /* MemoReadVC.swift in Sources */ = {isa = PBXBuildFile; fileRef = 60B8E0CA213ED51100CDAD7D /* MemoReadVC.swift */; };
		60DDB8DD215A6CA0004035B6 /* CSLogButton.swift in Sources */ = {isa = PBXBuildFile; fileRef = 60DDB8DC215A6CA0004035B6 /* CSLogButton.swift */; };
		60DDB8DF215A6D6B004035B6 /* button-bg.png in Resources */ = {isa = PBXBuildFile; fileRef = 60DDB8DE215A6D6A004035B6 /* button-bg.png */; };
		60DDB8E2215A6FF1004035B6 /* memo-background@2x.png in Resources */ = {isa = PBXBuildFile; fileRef = 60DDB8E0215A6FF1004035B6 /* memo-background@2x.png */; };
		60DDB8E3215A6FF1004035B6 /* warning-icon-60@2x.png in Resources */ = {isa = PBXBuildFile; fileRef = 60DDB8E1215A6FF1004035B6 /* warning-icon-60@2x.png */; };
/* End PBXBuildFile section */

/* Begin PBXFileReference section */
		1748E26AB07DF24E0DA86690 /* Pods-MyMemory.release.xcconfig */ = {isa = PBXFileReference; includeInIndex = 1; lastKnownFileType = text.xcconfig; name = "Pods-MyMemory.release.xcconfig"; path = "Pods/Target Support Files/Pods-MyMemory/Pods-MyMemory.release.xcconfig"; sourceTree = "<group>"; };
		2958A44A06AB7429DB01CDA2 /* Pods-MyMemory.debug.xcconfig */ = {isa = PBXFileReference; includeInIndex = 1; lastKnownFileType = text.xcconfig; name = "Pods-MyMemory.debug.xcconfig"; path = "Pods/Target Support Files/Pods-MyMemory/Pods-MyMemory.debug.xcconfig"; sourceTree = "<group>"; };
		6023FBC62163B2B00001828F /* fountainpen@2x.png */ = {isa = PBXFileReference; lastKnownFileType = image.png; name = "fountainpen@2x.png"; path = "../../../../개발자료/메모앱/PracticeImage/MyMemory/Chapter01/fountainpen@2x.png"; sourceTree = "<group>"; };
		6023FBC82163B4EF0001828F /* icon06.png */ = {isa = PBXFileReference; lastKnownFileType = image.png; name = icon06.png; path = "../../../../개발자료/메모앱/PracticeImage/MyMemory/Chapter04/icon06.png"; sourceTree = "<group>"; };
		6023FBC92163B4EF0001828F /* icon04.png */ = {isa = PBXFileReference; lastKnownFileType = image.png; name = icon04.png; path = "../../../../개발자료/메모앱/PracticeImage/MyMemory/Chapter04/icon04.png"; sourceTree = "<group>"; };
		6023FBCA2163B4EF0001828F /* icon02.png */ = {isa = PBXFileReference; lastKnownFileType = image.png; name = icon02.png; path = "../../../../개발자료/메모앱/PracticeImage/MyMemory/Chapter04/icon02.png"; sourceTree = "<group>"; };
		6023FBCB2163B4EF0001828F /* account@2x.jpg */ = {isa = PBXFileReference; lastKnownFileType = image.jpeg; name = "account@2x.jpg"; path = "../../../../개발자료/메모앱/PracticeImage/MyMemory/Chapter04/account@2x.jpg"; sourceTree = "<group>"; };
		6023FBCC2163B4EF0001828F /* icon05.png */ = {isa = PBXFileReference; lastKnownFileType = image.png; name = icon05.png; path = "../../../../개발자료/메모앱/PracticeImage/MyMemory/Chapter04/icon05.png"; sourceTree = "<group>"; };
		6023FBCD2163B4EF0001828F /* icon03.png */ = {isa = PBXFileReference; lastKnownFileType = image.png; name = icon03.png; path = "../../../../개발자료/메모앱/PracticeImage/MyMemory/Chapter04/icon03.png"; sourceTree = "<group>"; };
		6023FBCE2163B4EF0001828F /* profile-bg.png */ = {isa = PBXFileReference; lastKnownFileType = image.png; name = "profile-bg.png"; path = "../../../../개발자료/메모앱/PracticeImage/MyMemory/Chapter04/profile-bg.png"; sourceTree = "<group>"; };
		6023FBCF2163B4EF0001828F /* sidemenu.png */ = {isa = PBXFileReference; lastKnownFileType = image.png; name = sidemenu.png; path = "../../../../개발자료/메모앱/PracticeImage/MyMemory/Chapter04/sidemenu.png"; sourceTree = "<group>"; };
		6023FBD02163B4EF0001828F /* icon01.png */ = {isa = PBXFileReference; lastKnownFileType = image.png; name = icon01.png; path = "../../../../개발자료/메모앱/PracticeImage/MyMemory/Chapter04/icon01.png"; sourceTree = "<group>"; };
		6023FBDA2163B4FA0001828F /* MyMemory-Bridging-Header.h */ = {isa = PBXFileReference; lastKnownFileType = sourcecode.c.h; path = "MyMemory-Bridging-Header.h"; sourceTree = "<group>"; };
		6023FBDE2163B7E90001828F /* SWRevealViewController.h */ = {isa = PBXFileReference; fileEncoding = 4; lastKnownFileType = sourcecode.c.h; name = SWRevealViewController.h; path = "../../../../../Downloads/SWRevealViewController-master/SWRevealViewController/SWRevealViewController.h"; sourceTree = "<group>"; };
		6023FBDF2163B7E90001828F /* SWRevealViewController.m */ = {isa = PBXFileReference; fileEncoding = 4; lastKnownFileType = sourcecode.c.objc; name = SWRevealViewController.m; path = "../../../../../Downloads/SWRevealViewController-master/SWRevealViewController/SWRevealViewController.m"; sourceTree = "<group>"; };
		6023FBE12163B8AF0001828F /* SideBarVC.swift */ = {isa = PBXFileReference; lastKnownFileType = sourcecode.swift; path = SideBarVC.swift; sourceTree = "<group>"; };
		6023FBE32163BDF40001828F /* ProfileVC.swift */ = {isa = PBXFileReference; lastKnownFileType = sourcecode.swift; path = ProfileVC.swift; sourceTree = "<group>"; };
		60700705216CD4710038DBAF /* UserInfoManager.swift */ = {isa = PBXFileReference; lastKnownFileType = sourcecode.swift; path = UserInfoManager.swift; sourceTree = "<group>"; };
		60700707216D88900038DBAF /* Tutorial.storyboard */ = {isa = PBXFileReference; lastKnownFileType = file.storyboard; path = Tutorial.storyboard; sourceTree = "<group>"; };
		60700709216D8D600038DBAF /* Utils.swift */ = {isa = PBXFileReference; lastKnownFileType = sourcecode.swift; path = Utils.swift; sourceTree = "<group>"; };
		6070070B216D8E1C0038DBAF /* TutorialContentsVC.swift */ = {isa = PBXFileReference; lastKnownFileType = sourcecode.swift; path = TutorialContentsVC.swift; sourceTree = "<group>"; };
		6070070E216D8FDE0038DBAF /* TutorialMasterVC.swift */ = {isa = PBXFileReference; lastKnownFileType = sourcecode.swift; path = TutorialMasterVC.swift; sourceTree = "<group>"; };
		607007CB217771AB0038DBAF /* MemoDAO.swift */ = {isa = PBXFileReference; lastKnownFileType = sourcecode.swift; path = MemoDAO.swift; sourceTree = "<group>"; };
		60700808217CB0090038DBAF /* JoinVC.swift */ = {isa = PBXFileReference; lastKnownFileType = sourcecode.swift; path = JoinVC.swift; sourceTree = "<group>"; };
		6070080A217F60150038DBAF /* DataSync.swift */ = {isa = PBXFileReference; lastKnownFileType = sourcecode.swift; path = DataSync.swift; sourceTree = "<group>"; };
		607985B8213EBCF00079F25D /* MyMemory.app */ = {isa = PBXFileReference; explicitFileType = wrapper.application; includeInIndex = 0; path = MyMemory.app; sourceTree = BUILT_PRODUCTS_DIR; };
		607985BB213EBCF00079F25D /* AppDelegate.swift */ = {isa = PBXFileReference; lastKnownFileType = sourcecode.swift; path = AppDelegate.swift; sourceTree = "<group>"; };
		607985BD213EBCF00079F25D /* ViewController.swift */ = {isa = PBXFileReference; lastKnownFileType = sourcecode.swift; path = ViewController.swift; sourceTree = "<group>"; };
		607985C0213EBCF00079F25D /* Base */ = {isa = PBXFileReference; lastKnownFileType = file.storyboard; name = Base; path = Base.lproj/Main.storyboard; sourceTree = "<group>"; };
		607985C3213EBCF00079F25D /* MyMemory.xcdatamodel */ = {isa = PBXFileReference; lastKnownFileType = wrapper.xcdatamodel; path = MyMemory.xcdatamodel; sourceTree = "<group>"; };
		607985C5213EBCF00079F25D /* Assets.xcassets */ = {isa = PBXFileReference; lastKnownFileType = folder.assetcatalog; path = Assets.xcassets; sourceTree = "<group>"; };
		607985C8213EBCF00079F25D /* Base */ = {isa = PBXFileReference; lastKnownFileType = file.storyboard; name = Base; path = Base.lproj/LaunchScreen.storyboard; sourceTree = "<group>"; };
		607985CA213EBCF00079F25D /* Info.plist */ = {isa = PBXFileReference; lastKnownFileType = text.plist.xml; path = Info.plist; sourceTree = "<group>"; };
		60B8E0BD213ECF4800CDAD7D /* MemoListVC.swift */ = {isa = PBXFileReference; lastKnownFileType = sourcecode.swift; path = MemoListVC.swift; sourceTree = "<group>"; };
		60B8E0C4213ED00800CDAD7D /* MemoCell.swift */ = {isa = PBXFileReference; lastKnownFileType = sourcecode.swift; path = MemoCell.swift; sourceTree = "<group>"; };
		60B8E0C6213ED07000CDAD7D /* MemoData.swift */ = {isa = PBXFileReference; lastKnownFileType = sourcecode.swift; path = MemoData.swift; sourceTree = "<group>"; };
		60B8E0C8213ED4FE00CDAD7D /* MemoFormVC.swift */ = {isa = PBXFileReference; lastKnownFileType = sourcecode.swift; path = MemoFormVC.swift; sourceTree = "<group>"; };
		60B8E0CA213ED51100CDAD7D /* MemoReadVC.swift */ = {isa = PBXFileReference; lastKnownFileType = sourcecode.swift; path = MemoReadVC.swift; sourceTree = "<group>"; };
		60DDB8DC215A6CA0004035B6 /* CSLogButton.swift */ = {isa = PBXFileReference; lastKnownFileType = sourcecode.swift; path = CSLogButton.swift; sourceTree = "<group>"; };
		60DDB8DE215A6D6A004035B6 /* button-bg.png */ = {isa = PBXFileReference; lastKnownFileType = image.png; path = "button-bg.png"; sourceTree = "<group>"; };
		60DDB8E0215A6FF1004035B6 /* memo-background@2x.png */ = {isa = PBXFileReference; lastKnownFileType = image.png; path = "memo-background@2x.png"; sourceTree = "<group>"; };
		60DDB8E1215A6FF1004035B6 /* warning-icon-60@2x.png */ = {isa = PBXFileReference; lastKnownFileType = image.png; path = "warning-icon-60@2x.png"; sourceTree = "<group>"; };
		C95984C4D83E40D4549B2774 /* Pods_MyMemory.framework */ = {isa = PBXFileReference; explicitFileType = wrapper.framework; includeInIndex = 0; path = Pods_MyMemory.framework; sourceTree = BUILT_PRODUCTS_DIR; };
/* End PBXFileReference section */

/* Begin PBXFrameworksBuildPhase section */
		607985B5213EBCF00079F25D /* Frameworks */ = {
			isa = PBXFrameworksBuildPhase;
			buildActionMask = 2147483647;
			files = (
				00E161CC07D143A65B0C5642 /* Pods_MyMemory.framework in Frameworks */,
			);
			runOnlyForDeploymentPostprocessing = 0;
		};
/* End PBXFrameworksBuildPhase section */

/* Begin PBXGroup section */
		6070070D216D8E3D0038DBAF /* Tutorial */ = {
			isa = PBXGroup;
			children = (
				6070070B216D8E1C0038DBAF /* TutorialContentsVC.swift */,
				6070070E216D8FDE0038DBAF /* TutorialMasterVC.swift */,
			);
			path = Tutorial;
			sourceTree = "<group>";
		};
		607985AF213EBCF00079F25D = {
			isa = PBXGroup;
			children = (
				60B8E0CC213FED2900CDAD7D /* Resources */,
				607985BA213EBCF00079F25D /* MyMemory */,
				607985B9213EBCF00079F25D /* Products */,
				877828F072C7D5C5D0EA32B1 /* Pods */,
				F70FE0496C2215AEEA5FB22C /* Frameworks */,
			);
			sourceTree = "<group>";
		};
		607985B9213EBCF00079F25D /* Products */ = {
			isa = PBXGroup;
			children = (
				607985B8213EBCF00079F25D /* MyMemory.app */,
			);
			name = Products;
			sourceTree = "<group>";
		};
		607985BA213EBCF00079F25D /* MyMemory */ = {
			isa = PBXGroup;
			children = (
				6070070D216D8E3D0038DBAF /* Tutorial */,
				607985BB213EBCF00079F25D /* AppDelegate.swift */,
				607985BD213EBCF00079F25D /* ViewController.swift */,
				607985BF213EBCF00079F25D /* Main.storyboard */,
				60700707216D88900038DBAF /* Tutorial.storyboard */,
				607985C5213EBCF00079F25D /* Assets.xcassets */,
				607985C7213EBCF00079F25D /* LaunchScreen.storyboard */,
				607985CA213EBCF00079F25D /* Info.plist */,
				607985C2213EBCF00079F25D /* MyMemory.xcdatamodeld */,
				60B8E0BD213ECF4800CDAD7D /* MemoListVC.swift */,
				60B8E0C4213ED00800CDAD7D /* MemoCell.swift */,
				60B8E0C6213ED07000CDAD7D /* MemoData.swift */,
				60B8E0C8213ED4FE00CDAD7D /* MemoFormVC.swift */,
				60B8E0CA213ED51100CDAD7D /* MemoReadVC.swift */,
				60DDB8DC215A6CA0004035B6 /* CSLogButton.swift */,
				6023FBDE2163B7E90001828F /* SWRevealViewController.h */,
				6023FBDF2163B7E90001828F /* SWRevealViewController.m */,
				6023FBDA2163B4FA0001828F /* MyMemory-Bridging-Header.h */,
				6023FBE12163B8AF0001828F /* SideBarVC.swift */,
				6023FBE32163BDF40001828F /* ProfileVC.swift */,
				60700705216CD4710038DBAF /* UserInfoManager.swift */,
				60700709216D8D600038DBAF /* Utils.swift */,
				607007CB217771AB0038DBAF /* MemoDAO.swift */,
				60700808217CB0090038DBAF /* JoinVC.swift */,
				6070080A217F60150038DBAF /* DataSync.swift */,
			);
			path = MyMemory;
			sourceTree = "<group>";
		};
		60B8E0CC213FED2900CDAD7D /* Resources */ = {
			isa = PBXGroup;
			children = (
				6023FBC62163B2B00001828F /* fountainpen@2x.png */,
				60DDB8DE215A6D6A004035B6 /* button-bg.png */,
				60DDB8E0215A6FF1004035B6 /* memo-background@2x.png */,
				60DDB8E1215A6FF1004035B6 /* warning-icon-60@2x.png */,
				6023FBCB2163B4EF0001828F /* account@2x.jpg */,
				6023FBD02163B4EF0001828F /* icon01.png */,
				6023FBCA2163B4EF0001828F /* icon02.png */,
				6023FBCD2163B4EF0001828F /* icon03.png */,
				6023FBC92163B4EF0001828F /* icon04.png */,
				6023FBCC2163B4EF0001828F /* icon05.png */,
				6023FBC82163B4EF0001828F /* icon06.png */,
				6023FBCE2163B4EF0001828F /* profile-bg.png */,
				6023FBCF2163B4EF0001828F /* sidemenu.png */,
			);
			path = Resources;
			sourceTree = "<group>";
		};
		877828F072C7D5C5D0EA32B1 /* Pods */ = {
			isa = PBXGroup;
			children = (
				2958A44A06AB7429DB01CDA2 /* Pods-MyMemory.debug.xcconfig */,
				1748E26AB07DF24E0DA86690 /* Pods-MyMemory.release.xcconfig */,
			);
			name = Pods;
			sourceTree = "<group>";
		};
		F70FE0496C2215AEEA5FB22C /* Frameworks */ = {
			isa = PBXGroup;
			children = (
				C95984C4D83E40D4549B2774 /* Pods_MyMemory.framework */,
			);
			name = Frameworks;
			sourceTree = "<group>";
		};
/* End PBXGroup section */

/* Begin PBXNativeTarget section */
		607985B7213EBCF00079F25D /* MyMemory */ = {
			isa = PBXNativeTarget;
			buildConfigurationList = 607985CD213EBCF00079F25D /* Build configuration list for PBXNativeTarget "MyMemory" */;
			buildPhases = (
				EC59E54E20009411192FA80A /* [CP] Check Pods Manifest.lock */,
				607985B4213EBCF00079F25D /* Sources */,
				607985B5213EBCF00079F25D /* Frameworks */,
				607985B6213EBCF00079F25D /* Resources */,
				865E4D6857F7F45C96F5D312 /* [CP] Embed Pods Frameworks */,
			);
			buildRules = (
			);
			dependencies = (
			);
			name = MyMemory;
			productName = MyMemory;
			productReference = 607985B8213EBCF00079F25D /* MyMemory.app */;
			productType = "com.apple.product-type.application";
		};
/* End PBXNativeTarget section */

/* Begin PBXProject section */
		607985B0213EBCF00079F25D /* Project object */ = {
			isa = PBXProject;
			attributes = {
				LastSwiftUpdateCheck = 0940;
				LastUpgradeCheck = 0940;
				ORGANIZATIONNAME = Byunsangjin;
				TargetAttributes = {
					607985B7213EBCF00079F25D = {
						CreatedOnToolsVersion = 9.4.1;
						LastSwiftMigration = 1000;
					};
				};
			};
			buildConfigurationList = 607985B3213EBCF00079F25D /* Build configuration list for PBXProject "MyMemory" */;
			compatibilityVersion = "Xcode 9.3";
			developmentRegion = en;
			hasScannedForEncodings = 0;
			knownRegions = (
				en,
				Base,
			);
			mainGroup = 607985AF213EBCF00079F25D;
			productRefGroup = 607985B9213EBCF00079F25D /* Products */;
			projectDirPath = "";
			projectRoot = "";
			targets = (
				607985B7213EBCF00079F25D /* MyMemory */,
			);
		};
/* End PBXProject section */

/* Begin PBXResourcesBuildPhase section */
		607985B6213EBCF00079F25D /* Resources */ = {
			isa = PBXResourcesBuildPhase;
			buildActionMask = 2147483647;
			files = (
				607985C9213EBCF00079F25D /* LaunchScreen.storyboard in Resources */,
				60DDB8DF215A6D6B004035B6 /* button-bg.png in Resources */,
				607985C6213EBCF00079F25D /* Assets.xcassets in Resources */,
				60DDB8E2215A6FF1004035B6 /* memo-background@2x.png in Resources */,
				6023FBD32163B4EF0001828F /* icon02.png in Resources */,
				6023FBD12163B4EF0001828F /* icon06.png in Resources */,
				6023FBD22163B4EF0001828F /* icon04.png in Resources */,
				6023FBD92163B4EF0001828F /* icon01.png in Resources */,
				6023FBD62163B4EF0001828F /* icon03.png in Resources */,
				6023FBD52163B4EF0001828F /* icon05.png in Resources */,
				607985C1213EBCF00079F25D /* Main.storyboard in Resources */,
				60700708216D88900038DBAF /* Tutorial.storyboard in Resources */,
				6023FBD72163B4EF0001828F /* profile-bg.png in Resources */,
				6023FBC72163B2B00001828F /* fountainpen@2x.png in Resources */,
				6023FBD82163B4EF0001828F /* sidemenu.png in Resources */,
				60DDB8E3215A6FF1004035B6 /* warning-icon-60@2x.png in Resources */,
				6023FBD42163B4EF0001828F /* account@2x.jpg in Resources */,
			);
			runOnlyForDeploymentPostprocessing = 0;
		};
/* End PBXResourcesBuildPhase section */

/* Begin PBXShellScriptBuildPhase section */
		865E4D6857F7F45C96F5D312 /* [CP] Embed Pods Frameworks */ = {
			isa = PBXShellScriptBuildPhase;
			buildActionMask = 2147483647;
			files = (
			);
			inputFileListPaths = (
			);
			inputPaths = (
				"${SRCROOT}/Pods/Target Support Files/Pods-MyMemory/Pods-MyMemory-frameworks.sh",
				"${BUILT_PRODUCTS_DIR}/Alamofire/Alamofire.framework",
			);
			name = "[CP] Embed Pods Frameworks";
			outputFileListPaths = (
			);
			outputPaths = (
				"${TARGET_BUILD_DIR}/${FRAMEWORKS_FOLDER_PATH}/Alamofire.framework",
			);
			runOnlyForDeploymentPostprocessing = 0;
			shellPath = /bin/sh;
			shellScript = "\"${SRCROOT}/Pods/Target Support Files/Pods-MyMemory/Pods-MyMemory-frameworks.sh\"\n";
			showEnvVarsInLog = 0;
		};
		EC59E54E20009411192FA80A /* [CP] Check Pods Manifest.lock */ = {
			isa = PBXShellScriptBuildPhase;
			buildActionMask = 2147483647;
			files = (
			);
			inputFileListPaths = (
			);
			inputPaths = (
				"${PODS_PODFILE_DIR_PATH}/Podfile.lock",
				"${PODS_ROOT}/Manifest.lock",
			);
			name = "[CP] Check Pods Manifest.lock";
			outputFileListPaths = (
			);
			outputPaths = (
				"$(DERIVED_FILE_DIR)/Pods-MyMemory-checkManifestLockResult.txt",
			);
			runOnlyForDeploymentPostprocessing = 0;
			shellPath = /bin/sh;
			shellScript = "diff \"${PODS_PODFILE_DIR_PATH}/Podfile.lock\" \"${PODS_ROOT}/Manifest.lock\" > /dev/null\nif [ $? != 0 ] ; then\n    # print error to STDERR\n    echo \"error: The sandbox is not in sync with the Podfile.lock. Run 'pod install' or update your CocoaPods installation.\" >&2\n    exit 1\nfi\n# This output is used by Xcode 'outputs' to avoid re-running this script phase.\necho \"SUCCESS\" > \"${SCRIPT_OUTPUT_FILE_0}\"\n";
			showEnvVarsInLog = 0;
		};
/* End PBXShellScriptBuildPhase section */

/* Begin PBXSourcesBuildPhase section */
		607985B4213EBCF00079F25D /* Sources */ = {
			isa = PBXSourcesBuildPhase;
			buildActionMask = 2147483647;
			files = (
				6023FBE42163BDF40001828F /* ProfileVC.swift in Sources */,
				6070080B217F60150038DBAF /* DataSync.swift in Sources */,
				60DDB8DD215A6CA0004035B6 /* CSLogButton.swift in Sources */,
				6023FBE22163B8AF0001828F /* SideBarVC.swift in Sources */,
				6070070A216D8D600038DBAF /* Utils.swift in Sources */,
				60B8E0C5213ED00800CDAD7D /* MemoCell.swift in Sources */,
				60B8E0C9213ED4FE00CDAD7D /* MemoFormVC.swift in Sources */,
				60B8E0C7213ED07000CDAD7D /* MemoData.swift in Sources */,
				607985C4213EBCF00079F25D /* MyMemory.xcdatamodeld in Sources */,
				607985BE213EBCF00079F25D /* ViewController.swift in Sources */,
				60B8E0BE213ECF4800CDAD7D /* MemoListVC.swift in Sources */,
				6070070F216D8FDE0038DBAF /* TutorialMasterVC.swift in Sources */,
				607007CC217771AB0038DBAF /* MemoDAO.swift in Sources */,
				6023FBE02163B7E90001828F /* SWRevealViewController.m in Sources */,
				60B8E0CB213ED51100CDAD7D /* MemoReadVC.swift in Sources */,
				60700809217CB0090038DBAF /* JoinVC.swift in Sources */,
				60700706216CD4710038DBAF /* UserInfoManager.swift in Sources */,
				6070070C216D8E1C0038DBAF /* TutorialContentsVC.swift in Sources */,
				607985BC213EBCF00079F25D /* AppDelegate.swift in Sources */,
			);
			runOnlyForDeploymentPostprocessing = 0;
		};
/* End PBXSourcesBuildPhase section */

/* Begin PBXVariantGroup section */
		607985BF213EBCF00079F25D /* Main.storyboard */ = {
			isa = PBXVariantGroup;
			children = (
				607985C0213EBCF00079F25D /* Base */,
			);
			name = Main.storyboard;
			sourceTree = "<group>";
		};
		607985C7213EBCF00079F25D /* LaunchScreen.storyboard */ = {
			isa = PBXVariantGroup;
			children = (
				607985C8213EBCF00079F25D /* Base */,
			);
			name = LaunchScreen.storyboard;
			sourceTree = "<group>";
		};
/* End PBXVariantGroup section */

/* Begin XCBuildConfiguration section */
		607985CB213EBCF00079F25D /* Debug */ = {
			isa = XCBuildConfiguration;
			buildSettings = {
				ALWAYS_SEARCH_USER_PATHS = NO;
				CLANG_ANALYZER_NONNULL = YES;
				CLANG_ANALYZER_NUMBER_OBJECT_CONVERSION = YES_AGGRESSIVE;
				CLANG_CXX_LANGUAGE_STANDARD = "gnu++14";
				CLANG_CXX_LIBRARY = "libc++";
				CLANG_ENABLE_MODULES = YES;
				CLANG_ENABLE_OBJC_ARC = YES;
				CLANG_ENABLE_OBJC_WEAK = YES;
				CLANG_WARN_BLOCK_CAPTURE_AUTORELEASING = YES;
				CLANG_WARN_BOOL_CONVERSION = YES;
				CLANG_WARN_COMMA = YES;
				CLANG_WARN_CONSTANT_CONVERSION = YES;
				CLANG_WARN_DEPRECATED_OBJC_IMPLEMENTATIONS = YES;
				CLANG_WARN_DIRECT_OBJC_ISA_USAGE = YES_ERROR;
				CLANG_WARN_DOCUMENTATION_COMMENTS = YES;
				CLANG_WARN_EMPTY_BODY = YES;
				CLANG_WARN_ENUM_CONVERSION = YES;
				CLANG_WARN_INFINITE_RECURSION = YES;
				CLANG_WARN_INT_CONVERSION = YES;
				CLANG_WARN_NON_LITERAL_NULL_CONVERSION = YES;
				CLANG_WARN_OBJC_IMPLICIT_RETAIN_SELF = YES;
				CLANG_WARN_OBJC_LITERAL_CONVERSION = YES;
				CLANG_WARN_OBJC_ROOT_CLASS = YES_ERROR;
				CLANG_WARN_RANGE_LOOP_ANALYSIS = YES;
				CLANG_WARN_STRICT_PROTOTYPES = YES;
				CLANG_WARN_SUSPICIOUS_MOVE = YES;
				CLANG_WARN_UNGUARDED_AVAILABILITY = YES_AGGRESSIVE;
				CLANG_WARN_UNREACHABLE_CODE = YES;
				CLANG_WARN__DUPLICATE_METHOD_MATCH = YES;
				CODE_SIGN_IDENTITY = "iPhone Developer";
				COPY_PHASE_STRIP = NO;
				DEBUG_INFORMATION_FORMAT = dwarf;
				ENABLE_STRICT_OBJC_MSGSEND = YES;
				ENABLE_TESTABILITY = YES;
				GCC_C_LANGUAGE_STANDARD = gnu11;
				GCC_DYNAMIC_NO_PIC = NO;
				GCC_NO_COMMON_BLOCKS = YES;
				GCC_OPTIMIZATION_LEVEL = 0;
				GCC_PREPROCESSOR_DEFINITIONS = (
					"DEBUG=1",
					"$(inherited)",
				);
				GCC_WARN_64_TO_32_BIT_CONVERSION = YES;
				GCC_WARN_ABOUT_RETURN_TYPE = YES_ERROR;
				GCC_WARN_UNDECLARED_SELECTOR = YES;
				GCC_WARN_UNINITIALIZED_AUTOS = YES_AGGRESSIVE;
				GCC_WARN_UNUSED_FUNCTION = YES;
				GCC_WARN_UNUSED_VARIABLE = YES;
				IPHONEOS_DEPLOYMENT_TARGET = 11.4;
				MTL_ENABLE_DEBUG_INFO = YES;
				ONLY_ACTIVE_ARCH = YES;
				SDKROOT = iphoneos;
				SWIFT_ACTIVE_COMPILATION_CONDITIONS = DEBUG;
				SWIFT_OPTIMIZATION_LEVEL = "-Onone";
			};
			name = Debug;
		};
		607985CC213EBCF00079F25D /* Release */ = {
			isa = XCBuildConfiguration;
			buildSettings = {
				ALWAYS_SEARCH_USER_PATHS = NO;
				CLANG_ANALYZER_NONNULL = YES;
				CLANG_ANALYZER_NUMBER_OBJECT_CONVERSION = YES_AGGRESSIVE;
				CLANG_CXX_LANGUAGE_STANDARD = "gnu++14";
				CLANG_CXX_LIBRARY = "libc++";
				CLANG_ENABLE_MODULES = YES;
				CLANG_ENABLE_OBJC_ARC = YES;
				CLANG_ENABLE_OBJC_WEAK = YES;
				CLANG_WARN_BLOCK_CAPTURE_AUTORELEASING = YES;
				CLANG_WARN_BOOL_CONVERSION = YES;
				CLANG_WARN_COMMA = YES;
				CLANG_WARN_CONSTANT_CONVERSION = YES;
				CLANG_WARN_DEPRECATED_OBJC_IMPLEMENTATIONS = YES;
				CLANG_WARN_DIRECT_OBJC_ISA_USAGE = YES_ERROR;
				CLANG_WARN_DOCUMENTATION_COMMENTS = YES;
				CLANG_WARN_EMPTY_BODY = YES;
				CLANG_WARN_ENUM_CONVERSION = YES;
				CLANG_WARN_INFINITE_RECURSION = YES;
				CLANG_WARN_INT_CONVERSION = YES;
				CLANG_WARN_NON_LITERAL_NULL_CONVERSION = YES;
				CLANG_WARN_OBJC_IMPLICIT_RETAIN_SELF = YES;
				CLANG_WARN_OBJC_LITERAL_CONVERSION = YES;
				CLANG_WARN_OBJC_ROOT_CLASS = YES_ERROR;
				CLANG_WARN_RANGE_LOOP_ANALYSIS = YES;
				CLANG_WARN_STRICT_PROTOTYPES = YES;
				CLANG_WARN_SUSPICIOUS_MOVE = YES;
				CLANG_WARN_UNGUARDED_AVAILABILITY = YES_AGGRESSIVE;
				CLANG_WARN_UNREACHABLE_CODE = YES;
				CLANG_WARN__DUPLICATE_METHOD_MATCH = YES;
				CODE_SIGN_IDENTITY = "iPhone Developer";
				COPY_PHASE_STRIP = NO;
				DEBUG_INFORMATION_FORMAT = "dwarf-with-dsym";
				ENABLE_NS_ASSERTIONS = NO;
				ENABLE_STRICT_OBJC_MSGSEND = YES;
				GCC_C_LANGUAGE_STANDARD = gnu11;
				GCC_NO_COMMON_BLOCKS = YES;
				GCC_WARN_64_TO_32_BIT_CONVERSION = YES;
				GCC_WARN_ABOUT_RETURN_TYPE = YES_ERROR;
				GCC_WARN_UNDECLARED_SELECTOR = YES;
				GCC_WARN_UNINITIALIZED_AUTOS = YES_AGGRESSIVE;
				GCC_WARN_UNUSED_FUNCTION = YES;
				GCC_WARN_UNUSED_VARIABLE = YES;
				IPHONEOS_DEPLOYMENT_TARGET = 11.4;
				MTL_ENABLE_DEBUG_INFO = NO;
				SDKROOT = iphoneos;
				SWIFT_COMPILATION_MODE = wholemodule;
				SWIFT_OPTIMIZATION_LEVEL = "-O";
				VALIDATE_PRODUCT = YES;
			};
			name = Release;
		};
		607985CE213EBCF00079F25D /* Debug */ = {
			isa = XCBuildConfiguration;
			baseConfigurationReference = 2958A44A06AB7429DB01CDA2 /* Pods-MyMemory.debug.xcconfig */;
			buildSettings = {
				ASSETCATALOG_COMPILER_APPICON_NAME = AppIcon;
				CLANG_ENABLE_MODULES = YES;
				CODE_SIGN_STYLE = Automatic;
				INFOPLIST_FILE = MyMemory/Info.plist;
				LD_RUNPATH_SEARCH_PATHS = (
					"$(inherited)",
					"@executable_path/Frameworks",
				);
				PRODUCT_BUNDLE_IDENTIFIER = "-.MyMemory";
				PRODUCT_NAME = "$(TARGET_NAME)";
				SWIFT_OBJC_BRIDGING_HEADER = "MyMemory/MyMemory-Bridging-Header.h";
				SWIFT_OPTIMIZATION_LEVEL = "-Onone";
				SWIFT_VERSION = 4.0;
				TARGETED_DEVICE_FAMILY = 1;
			};
			name = Debug;
		};
		607985CF213EBCF00079F25D /* Release */ = {
			isa = XCBuildConfiguration;
			baseConfigurationReference = 1748E26AB07DF24E0DA86690 /* Pods-MyMemory.release.xcconfig */;
			buildSettings = {
				ASSETCATALOG_COMPILER_APPICON_NAME = AppIcon;
				CLANG_ENABLE_MODULES = YES;
				CODE_SIGN_STYLE = Automatic;
				INFOPLIST_FILE = MyMemory/Info.plist;
				LD_RUNPATH_SEARCH_PATHS = (
					"$(inherited)",
					"@executable_path/Frameworks",
				);
				PRODUCT_BUNDLE_IDENTIFIER = "-.MyMemory";
				PRODUCT_NAME = "$(TARGET_NAME)";
				SWIFT_OBJC_BRIDGING_HEADER = "MyMemory/MyMemory-Bridging-Header.h";
				SWIFT_VERSION = 4.0;
				TARGETED_DEVICE_FAMILY = 1;
			};
			name = Release;
		};
/* End XCBuildConfiguration section */

/* Begin XCConfigurationList section */
		607985B3213EBCF00079F25D /* Build configuration list for PBXProject "MyMemory" */ = {
			isa = XCConfigurationList;
			buildConfigurations = (
				607985CB213EBCF00079F25D /* Debug */,
				607985CC213EBCF00079F25D /* Release */,
			);
			defaultConfigurationIsVisible = 0;
			defaultConfigurationName = Release;
		};
		607985CD213EBCF00079F25D /* Build configuration list for PBXNativeTarget "MyMemory" */ = {
			isa = XCConfigurationList;
			buildConfigurations = (
				607985CE213EBCF00079F25D /* Debug */,
				607985CF213EBCF00079F25D /* Release */,
			);
			defaultConfigurationIsVisible = 0;
			defaultConfigurationName = Release;
		};
/* End XCConfigurationList section */

/* Begin XCVersionGroup section */
		607985C2213EBCF00079F25D /* MyMemory.xcdatamodeld */ = {
			isa = XCVersionGroup;
			children = (
				607985C3213EBCF00079F25D /* MyMemory.xcdatamodel */,
			);
			currentVersion = 607985C3213EBCF00079F25D /* MyMemory.xcdatamodel */;
			path = MyMemory.xcdatamodeld;
			sourceTree = "<group>";
			versionGroupType = wrapper.xcdatamodel;
		};
/* End XCVersionGroup section */
	};
	rootObject = 607985B0213EBCF00079F25D /* Project object */;
}
